{
  "object": {
    "pins": [
      {
        "package": "Nimble",
        "repositoryURL": "git@github.com:Quick/Nimble.git",
        "state": {
          "branch": "master",
          "revision": "24aa2d97405b352cb85bd963d1898f780f9bde3e",
          "version": null
        }
      },
      {
        "package": "Quick",
        "repositoryURL": "git@github.com:Quick/Quick.git",
        "state": {
          "branch": "xcode-9-fix",
          "revision": "a3850d0ddc18cf1e6ef17b3078c660f46888deca",
          "version": null
        }
      }
    ]
  },
  "version": 1
}
