PODS:
  - Nimble (7.0.1)
  - Quick (1.1.0)

DEPENDENCIES:
  - Nimble (from `git@github.com:phatblat/Nimble.git`, branch `swift4`)
  - Quick (from `git@github.com:phatblat/Quick.git`, branch `swift4`)

EXTERNAL SOURCES:
  Nimble:
    :branch: swift4
    :git: git@github.com:phatblat/Nimble.git
  Quick:
    :branch: swift4
    :git: git@github.com:phatblat/Quick.git

CHECKOUT OPTIONS:
  Nimble:
    :commit: f519d075ca17d1715cf85136ec3557496f05cb76
    :git: git@github.com:phatblat/Nimble.git
  Quick:
    :commit: 717bae6d6cb1267c5cc366dc8cb6cf80691081e2
    :git: git@github.com:phatblat/Quick.git

SPEC CHECKSUMS:
  Nimble: f8cda7a16ec2180b57905dd50b28127220f66a17
  Quick: 4700beb8056662b579facd79eaca7f04fb3d48e6

PODFILE CHECKSUM: 6255ec69993f73092b1858e5a6aed15f2381dec0

COCOAPODS: 1.2.1
