PODS:
  - Nimble (7.0.1)
  - Quick (1.1.0)

DEPENDENCIES:
  - Nimble (from `git@github.com:phatblat/Nimble.git`, branch `swift4`)
  - Quick (from `git@github.com:phatblat/Quick.git`, branch `swift4`)

EXTERNAL SOURCES:
  Nimble:
    :branch: swift4
    :git: git@github.com:phatblat/Nimble.git
  Quick:
    :branch: swift4
    :git: git@github.com:phatblat/Quick.git

CHECKOUT OPTIONS:
  Nimble:
    :commit: 1f690d47aa9db899ba8e7e5280f1fa756fcdd27e
    :git: git@github.com:phatblat/Nimble.git
  Quick:
    :commit: 717bae6d6cb1267c5cc366dc8cb6cf80691081e2
    :git: git@github.com:phatblat/Quick.git

SPEC CHECKSUMS:
  Nimble: f8cda7a16ec2180b57905dd50b28127220f66a17
  Quick: 4700beb8056662b579facd79eaca7f04fb3d48e6

PODFILE CHECKSUM: e729666bb6c25a27ea3cbd639e8321753dbda5b1

COCOAPODS: 1.2.1
