// !$*UTF8*$!
{
	archiveVersion = 1;
	classes = {
	};
	objectVersion = 46;
	objects = {

/* Begin PBXBuildFile section */
		292992CDB051C1776117A9E5 /* Pods_ButlerTests.framework in Frameworks */ = {isa = PBXBuildFile; fileRef = CE6A9B7346F066BE15B21428 /* Pods_ButlerTests.framework */; };
		667E75F408208DC98C3C2697 /* Pods_Butler.framework in Frameworks */ = {isa = PBXBuildFile; fileRef = 03611EB069CAD1C141A91C1D /* Pods_Butler.framework */; };
		OBJ_26 /* Butler.swift in Sources */ = {isa = PBXBuildFile; fileRef = OBJ_8 /* Butler.swift */; };
		OBJ_27 /* Jenkins.swift in Sources */ = {isa = PBXBuildFile; fileRef = OBJ_9 /* Jenkins.swift */; };
		OBJ_28 /* User.swift in Sources */ = {isa = PBXBuildFile; fileRef = OBJ_10 /* User.swift */; };
		OBJ_35 /* ButlerTests.swift in Sources */ = {isa = PBXBuildFile; fileRef = OBJ_13 /* ButlerTests.swift */; };
		OBJ_37 /* Butler.framework in Frameworks */ = {isa = PBXBuildFile; fileRef = OBJ_19 /* Butler.framework */; };
/* End PBXBuildFile section */

/* Begin PBXContainerItemProxy section */
		F8640FEF1EE0A2970041E7E4 /* PBXContainerItemProxy */ = {
			isa = PBXContainerItemProxy;
			containerPortal = OBJ_1 /* Project object */;
			proxyType = 1;
			remoteGlobalIDString = OBJ_21;
			remoteInfo = Butler;
		};
/* End PBXContainerItemProxy section */

/* Begin PBXFileReference section */
		03611EB069CAD1C141A91C1D /* Pods_Butler.framework */ = {isa = PBXFileReference; explicitFileType = wrapper.framework; includeInIndex = 0; path = Pods_Butler.framework; sourceTree = BUILT_PRODUCTS_DIR; };
		49F584ABD337ABF6B01182BB /* Pods-ButlerTests.debug.xcconfig */ = {isa = PBXFileReference; includeInIndex = 1; lastKnownFileType = text.xcconfig; name = "Pods-ButlerTests.debug.xcconfig"; path = "Pods/Target Support Files/Pods-ButlerTests/Pods-ButlerTests.debug.xcconfig"; sourceTree = "<group>"; };
		70F090E363377FE73F56E048 /* Pods-ButlerTests.release.xcconfig */ = {isa = PBXFileReference; includeInIndex = 1; lastKnownFileType = text.xcconfig; name = "Pods-ButlerTests.release.xcconfig"; path = "Pods/Target Support Files/Pods-ButlerTests/Pods-ButlerTests.release.xcconfig"; sourceTree = "<group>"; };
		CE6A9B7346F066BE15B21428 /* Pods_ButlerTests.framework */ = {isa = PBXFileReference; explicitFileType = wrapper.framework; includeInIndex = 0; path = Pods_ButlerTests.framework; sourceTree = BUILT_PRODUCTS_DIR; };
		F132AE8D8202A890EFFDA47A /* Pods-Butler.release.xcconfig */ = {isa = PBXFileReference; includeInIndex = 1; lastKnownFileType = text.xcconfig; name = "Pods-Butler.release.xcconfig"; path = "Pods/Target Support Files/Pods-Butler/Pods-Butler.release.xcconfig"; sourceTree = "<group>"; };
		F7F22CD9E5A82FCEE3586693 /* Pods-Butler.debug.xcconfig */ = {isa = PBXFileReference; includeInIndex = 1; lastKnownFileType = text.xcconfig; name = "Pods-Butler.debug.xcconfig"; path = "Pods/Target Support Files/Pods-Butler/Pods-Butler.debug.xcconfig"; sourceTree = "<group>"; };
		OBJ_10 /* User.swift */ = {isa = PBXFileReference; lastKnownFileType = sourcecode.swift; path = User.swift; sourceTree = "<group>"; };
		OBJ_13 /* ButlerTests.swift */ = {isa = PBXFileReference; lastKnownFileType = sourcecode.swift; path = ButlerTests.swift; sourceTree = "<group>"; };
		OBJ_14 /* bin */ = {isa = PBXFileReference; lastKnownFileType = folder; path = bin; sourceTree = SOURCE_ROOT; };
		OBJ_15 /* Docs */ = {isa = PBXFileReference; lastKnownFileType = folder; path = Docs; sourceTree = SOURCE_ROOT; };
		OBJ_16 /* Example */ = {isa = PBXFileReference; lastKnownFileType = folder; path = Example; sourceTree = SOURCE_ROOT; };
		OBJ_17 /* gradle */ = {isa = PBXFileReference; lastKnownFileType = folder; path = gradle; sourceTree = SOURCE_ROOT; };
		OBJ_19 /* Butler.framework */ = {isa = PBXFileReference; explicitFileType = wrapper.framework; path = Butler.framework; sourceTree = BUILT_PRODUCTS_DIR; };
		OBJ_20 /* ButlerTests.xctest */ = {isa = PBXFileReference; explicitFileType = wrapper.cfbundle; path = ButlerTests.xctest; sourceTree = BUILT_PRODUCTS_DIR; };
		OBJ_6 /* Package.swift */ = {isa = PBXFileReference; explicitFileType = sourcecode.swift; path = Package.swift; sourceTree = "<group>"; };
		OBJ_8 /* Butler.swift */ = {isa = PBXFileReference; lastKnownFileType = sourcecode.swift; path = Butler.swift; sourceTree = "<group>"; };
		OBJ_9 /* Jenkins.swift */ = {isa = PBXFileReference; lastKnownFileType = sourcecode.swift; path = Jenkins.swift; sourceTree = "<group>"; };
/* End PBXFileReference section */

/* Begin PBXFrameworksBuildPhase section */
		OBJ_29 /* Frameworks */ = {
			isa = PBXFrameworksBuildPhase;
			buildActionMask = 0;
			files = (
				667E75F408208DC98C3C2697 /* Pods_Butler.framework in Frameworks */,
			);
			runOnlyForDeploymentPostprocessing = 0;
		};
		OBJ_36 /* Frameworks */ = {
			isa = PBXFrameworksBuildPhase;
			buildActionMask = 0;
			files = (
				OBJ_37 /* Butler.framework in Frameworks */,
				292992CDB051C1776117A9E5 /* Pods_ButlerTests.framework in Frameworks */,
			);
			runOnlyForDeploymentPostprocessing = 0;
		};
/* End PBXFrameworksBuildPhase section */

/* Begin PBXGroup section */
		AD2FA3419684A33CA45CB59A /* Frameworks */ = {
			isa = PBXGroup;
			children = (
				03611EB069CAD1C141A91C1D /* Pods_Butler.framework */,
				CE6A9B7346F066BE15B21428 /* Pods_ButlerTests.framework */,
			);
			name = Frameworks;
			sourceTree = "<group>";
		};
		AD340B565221BE4B7FD99619 /* Pods */ = {
			isa = PBXGroup;
			children = (
				F7F22CD9E5A82FCEE3586693 /* Pods-Butler.debug.xcconfig */,
				F132AE8D8202A890EFFDA47A /* Pods-Butler.release.xcconfig */,
				49F584ABD337ABF6B01182BB /* Pods-ButlerTests.debug.xcconfig */,
				70F090E363377FE73F56E048 /* Pods-ButlerTests.release.xcconfig */,
			);
			name = Pods;
			sourceTree = "<group>";
		};
		OBJ_11 /* Tests */ = {
			isa = PBXGroup;
			children = (
				OBJ_12 /* ButlerTests */,
			);
			name = Tests;
			sourceTree = SOURCE_ROOT;
		};
		OBJ_12 /* ButlerTests */ = {
			isa = PBXGroup;
			children = (
				OBJ_13 /* ButlerTests.swift */,
			);
			name = ButlerTests;
			path = Tests/ButlerTests;
			sourceTree = SOURCE_ROOT;
		};
		OBJ_18 /* Products */ = {
			isa = PBXGroup;
			children = (
				OBJ_19 /* Butler.framework */,
				OBJ_20 /* ButlerTests.xctest */,
			);
			name = Products;
			sourceTree = BUILT_PRODUCTS_DIR;
		};
		OBJ_5 = {
			isa = PBXGroup;
			children = (
				OBJ_6 /* Package.swift */,
				OBJ_7 /* Sources */,
				OBJ_11 /* Tests */,
				OBJ_14 /* bin */,
				OBJ_15 /* Docs */,
				OBJ_16 /* Example */,
				OBJ_17 /* gradle */,
				OBJ_18 /* Products */,
				AD340B565221BE4B7FD99619 /* Pods */,
				AD2FA3419684A33CA45CB59A /* Frameworks */,
			);
			sourceTree = "<group>";
		};
		OBJ_7 /* Sources */ = {
			isa = PBXGroup;
			children = (
				OBJ_8 /* Butler.swift */,
				OBJ_9 /* Jenkins.swift */,
				OBJ_10 /* User.swift */,
			);
			path = Sources;
			sourceTree = SOURCE_ROOT;
		};
/* End PBXGroup section */

/* Begin PBXNativeTarget section */
		OBJ_21 /* Butler */ = {
			isa = PBXNativeTarget;
			buildConfigurationList = OBJ_22 /* Build configuration list for PBXNativeTarget "Butler" */;
			buildPhases = (
				CA5E2AC6A41594E9673F53A7 /* [CP] Check Pods Manifest.lock */,
				OBJ_25 /* Sources */,
				OBJ_29 /* Frameworks */,
				7BD0BD3199B761243D56EBD1 /* [CP] Copy Pods Resources */,
			);
			buildRules = (
			);
			dependencies = (
			);
			name = Butler;
			productName = Butler;
			productReference = OBJ_19 /* Butler.framework */;
			productType = "com.apple.product-type.framework";
		};
		OBJ_30 /* ButlerTests */ = {
			isa = PBXNativeTarget;
			buildConfigurationList = OBJ_31 /* Build configuration list for PBXNativeTarget "ButlerTests" */;
			buildPhases = (
				4645F56C388B55F382C048BE /* [CP] Check Pods Manifest.lock */,
				OBJ_34 /* Sources */,
				OBJ_36 /* Frameworks */,
				4173BE664885ED424B578E85 /* [CP] Embed Pods Frameworks */,
				76119C6C1744CD26AD5C22B1 /* [CP] Copy Pods Resources */,
			);
			buildRules = (
			);
			dependencies = (
				OBJ_38 /* PBXTargetDependency */,
			);
			name = ButlerTests;
			productName = ButlerTests;
			productReference = OBJ_20 /* ButlerTests.xctest */;
			productType = "com.apple.product-type.bundle.unit-test";
		};
/* End PBXNativeTarget section */

/* Begin PBXProject section */
		OBJ_1 /* Project object */ = {
			isa = PBXProject;
			attributes = {
				LastUpgradeCheck = 9999;
			};
			buildConfigurationList = OBJ_2 /* Build configuration list for PBXProject "Butler" */;
			compatibilityVersion = "Xcode 3.2";
			developmentRegion = English;
			hasScannedForEncodings = 0;
			knownRegions = (
				en,
			);
			mainGroup = OBJ_5;
			productRefGroup = OBJ_18 /* Products */;
			projectDirPath = "";
			projectRoot = "";
			targets = (
				OBJ_21 /* Butler */,
				OBJ_30 /* ButlerTests */,
			);
		};
/* End PBXProject section */

/* Begin PBXShellScriptBuildPhase section */
		4173BE664885ED424B578E85 /* [CP] Embed Pods Frameworks */ = {
			isa = PBXShellScriptBuildPhase;
			buildActionMask = 2147483647;
			files = (
			);
			inputPaths = (
			);
			name = "[CP] Embed Pods Frameworks";
			outputPaths = (
			);
			runOnlyForDeploymentPostprocessing = 0;
			shellPath = /bin/sh;
			shellScript = "\"${SRCROOT}/Pods/Target Support Files/Pods-ButlerTests/Pods-ButlerTests-frameworks.sh\"\n";
			showEnvVarsInLog = 0;
		};
		4645F56C388B55F382C048BE /* [CP] Check Pods Manifest.lock */ = {
			isa = PBXShellScriptBuildPhase;
			buildActionMask = 2147483647;
			files = (
			);
			inputPaths = (
			);
			name = "[CP] Check Pods Manifest.lock";
			outputPaths = (
			);
			runOnlyForDeploymentPostprocessing = 0;
			shellPath = /bin/sh;
			shellScript = "diff \"${PODS_PODFILE_DIR_PATH}/Podfile.lock\" \"${PODS_ROOT}/Manifest.lock\" > /dev/null\nif [ $? != 0 ] ; then\n    # print error to STDERR\n    echo \"error: The sandbox is not in sync with the Podfile.lock. Run 'pod install' or update your CocoaPods installation.\" >&2\n    exit 1\nfi\n";
			showEnvVarsInLog = 0;
		};
		76119C6C1744CD26AD5C22B1 /* [CP] Copy Pods Resources */ = {
			isa = PBXShellScriptBuildPhase;
			buildActionMask = 2147483647;
			files = (
			);
			inputPaths = (
			);
			name = "[CP] Copy Pods Resources";
			outputPaths = (
			);
			runOnlyForDeploymentPostprocessing = 0;
			shellPath = /bin/sh;
			shellScript = "\"${SRCROOT}/Pods/Target Support Files/Pods-ButlerTests/Pods-ButlerTests-resources.sh\"\n";
			showEnvVarsInLog = 0;
		};
		7BD0BD3199B761243D56EBD1 /* [CP] Copy Pods Resources */ = {
			isa = PBXShellScriptBuildPhase;
			buildActionMask = 2147483647;
			files = (
			);
			inputPaths = (
			);
			name = "[CP] Copy Pods Resources";
			outputPaths = (
			);
			runOnlyForDeploymentPostprocessing = 0;
			shellPath = /bin/sh;
			shellScript = "\"${SRCROOT}/Pods/Target Support Files/Pods-Butler/Pods-Butler-resources.sh\"\n";
			showEnvVarsInLog = 0;
		};
		CA5E2AC6A41594E9673F53A7 /* [CP] Check Pods Manifest.lock */ = {
			isa = PBXShellScriptBuildPhase;
			buildActionMask = 2147483647;
			files = (
			);
			inputPaths = (
			);
			name = "[CP] Check Pods Manifest.lock";
			outputPaths = (
			);
			runOnlyForDeploymentPostprocessing = 0;
			shellPath = /bin/sh;
			shellScript = "diff \"${PODS_PODFILE_DIR_PATH}/Podfile.lock\" \"${PODS_ROOT}/Manifest.lock\" > /dev/null\nif [ $? != 0 ] ; then\n    # print error to STDERR\n    echo \"error: The sandbox is not in sync with the Podfile.lock. Run 'pod install' or update your CocoaPods installation.\" >&2\n    exit 1\nfi\n";
			showEnvVarsInLog = 0;
		};
/* End PBXShellScriptBuildPhase section */

/* Begin PBXSourcesBuildPhase section */
		OBJ_25 /* Sources */ = {
			isa = PBXSourcesBuildPhase;
			buildActionMask = 0;
			files = (
				OBJ_26 /* Butler.swift in Sources */,
				OBJ_27 /* Jenkins.swift in Sources */,
				OBJ_28 /* User.swift in Sources */,
			);
			runOnlyForDeploymentPostprocessing = 0;
		};
		OBJ_34 /* Sources */ = {
			isa = PBXSourcesBuildPhase;
			buildActionMask = 0;
			files = (
				OBJ_35 /* ButlerTests.swift in Sources */,
			);
			runOnlyForDeploymentPostprocessing = 0;
		};
/* End PBXSourcesBuildPhase section */

/* Begin PBXTargetDependency section */
		OBJ_38 /* PBXTargetDependency */ = {
			isa = PBXTargetDependency;
			target = OBJ_21 /* Butler */;
			targetProxy = F8640FEF1EE0A2970041E7E4 /* PBXContainerItemProxy */;
		};
/* End PBXTargetDependency section */

/* Begin XCBuildConfiguration section */
		OBJ_23 /* Debug */ = {
			isa = XCBuildConfiguration;
			baseConfigurationReference = F7F22CD9E5A82FCEE3586693 /* Pods-Butler.debug.xcconfig */;
			buildSettings = {
				ENABLE_TESTABILITY = YES;
				FRAMEWORK_SEARCH_PATHS = (
					"$(inherited)",
					"$(PLATFORM_DIR)/Developer/Library/Frameworks",
				);
				HEADER_SEARCH_PATHS = "$(inherited)";
				INFOPLIST_FILE = Butler.xcodeproj/Butler_Info.plist;
				OTHER_LDFLAGS = "$(inherited)";
				OTHER_SWIFT_FLAGS = "$(inherited)";
				PRODUCT_BUNDLE_IDENTIFIER = Butler;
				PRODUCT_MODULE_NAME = "$(TARGET_NAME:c99extidentifier)";
				PRODUCT_NAME = "$(TARGET_NAME:c99extidentifier)";
				SKIP_INSTALL = YES;
				TARGET_NAME = Butler;
			};
			name = Debug;
		};
		OBJ_24 /* Release */ = {
			isa = XCBuildConfiguration;
			baseConfigurationReference = F132AE8D8202A890EFFDA47A /* Pods-Butler.release.xcconfig */;
			buildSettings = {
				ENABLE_TESTABILITY = YES;
				FRAMEWORK_SEARCH_PATHS = (
					"$(inherited)",
					"$(PLATFORM_DIR)/Developer/Library/Frameworks",
				);
				HEADER_SEARCH_PATHS = "$(inherited)";
				INFOPLIST_FILE = Butler.xcodeproj/Butler_Info.plist;
				OTHER_LDFLAGS = "$(inherited)";
				OTHER_SWIFT_FLAGS = "$(inherited)";
				PRODUCT_BUNDLE_IDENTIFIER = Butler;
				PRODUCT_MODULE_NAME = "$(TARGET_NAME:c99extidentifier)";
				PRODUCT_NAME = "$(TARGET_NAME:c99extidentifier)";
				SKIP_INSTALL = YES;
				TARGET_NAME = Butler;
			};
			name = Release;
		};
		OBJ_3 /* Debug */ = {
			isa = XCBuildConfiguration;
			buildSettings = {
				CLANG_ENABLE_OBJC_ARC = YES;
				COMBINE_HIDPI_IMAGES = YES;
				COPY_PHASE_STRIP = NO;
				DEBUG_INFORMATION_FORMAT = dwarf;
				DYLIB_INSTALL_NAME_BASE = "@rpath";
				ENABLE_NS_ASSERTIONS = YES;
				GCC_OPTIMIZATION_LEVEL = 0;
				MACOSX_DEPLOYMENT_TARGET = 10.10;
				ONLY_ACTIVE_ARCH = YES;
				OTHER_SWIFT_FLAGS = "-DXcode";
				PRODUCT_NAME = "$(TARGET_NAME)";
				SDKROOT = macosx;
				SUPPORTED_PLATFORMS = "macosx iphoneos iphonesimulator appletvos appletvsimulator watchos watchsimulator";
				SWIFT_ACTIVE_COMPILATION_CONDITIONS = SWIFT_PACKAGE;
				SWIFT_OPTIMIZATION_LEVEL = "-Onone";
				SWIFT_VERSION = 3.0;
				USE_HEADERMAP = NO;
			};
			name = Debug;
		};
		OBJ_32 /* Debug */ = {
			isa = XCBuildConfiguration;
			baseConfigurationReference = 49F584ABD337ABF6B01182BB /* Pods-ButlerTests.debug.xcconfig */;
			buildSettings = {
				EMBEDDED_CONTENT_CONTAINS_SWIFT = YES;
				FRAMEWORK_SEARCH_PATHS = (
					"$(inherited)",
					"$(PLATFORM_DIR)/Developer/Library/Frameworks",
				);
				HEADER_SEARCH_PATHS = "$(inherited)";
				INFOPLIST_FILE = Butler.xcodeproj/ButlerTests_Info.plist;
				OTHER_LDFLAGS = "$(inherited)";
				OTHER_SWIFT_FLAGS = "$(inherited)";
				TARGET_NAME = ButlerTests;
			};
			name = Debug;
		};
		OBJ_33 /* Release */ = {
			isa = XCBuildConfiguration;
			baseConfigurationReference = 70F090E363377FE73F56E048 /* Pods-ButlerTests.release.xcconfig */;
			buildSettings = {
				EMBEDDED_CONTENT_CONTAINS_SWIFT = YES;
				FRAMEWORK_SEARCH_PATHS = (
					"$(inherited)",
					"$(PLATFORM_DIR)/Developer/Library/Frameworks",
				);
				HEADER_SEARCH_PATHS = "$(inherited)";
				INFOPLIST_FILE = Butler.xcodeproj/ButlerTests_Info.plist;
				OTHER_LDFLAGS = "$(inherited)";
				OTHER_SWIFT_FLAGS = "$(inherited)";
				TARGET_NAME = ButlerTests;
			};
			name = Release;
		};
		OBJ_4 /* Release */ = {
			isa = XCBuildConfiguration;
			buildSettings = {
				CLANG_ENABLE_OBJC_ARC = YES;
				COMBINE_HIDPI_IMAGES = YES;
				COPY_PHASE_STRIP = YES;
				DEBUG_INFORMATION_FORMAT = "dwarf-with-dsym";
				DYLIB_INSTALL_NAME_BASE = "@rpath";
				GCC_OPTIMIZATION_LEVEL = s;
				MACOSX_DEPLOYMENT_TARGET = 10.10;
				OTHER_SWIFT_FLAGS = "-DXcode";
				PRODUCT_NAME = "$(TARGET_NAME)";
				SDKROOT = macosx;
				SUPPORTED_PLATFORMS = "macosx iphoneos iphonesimulator appletvos appletvsimulator watchos watchsimulator";
				SWIFT_ACTIVE_COMPILATION_CONDITIONS = SWIFT_PACKAGE;
				SWIFT_OPTIMIZATION_LEVEL = "-Owholemodule";
				SWIFT_VERSION = 3.0;
				USE_HEADERMAP = NO;
			};
			name = Release;
		};
/* End XCBuildConfiguration section */

/* Begin XCConfigurationList section */
		OBJ_2 /* Build configuration list for PBXProject "Butler" */ = {
			isa = XCConfigurationList;
			buildConfigurations = (
				OBJ_3 /* Debug */,
				OBJ_4 /* Release */,
			);
			defaultConfigurationIsVisible = 0;
			defaultConfigurationName = Debug;
		};
		OBJ_22 /* Build configuration list for PBXNativeTarget "Butler" */ = {
			isa = XCConfigurationList;
			buildConfigurations = (
				OBJ_23 /* Debug */,
				OBJ_24 /* Release */,
			);
			defaultConfigurationIsVisible = 0;
			defaultConfigurationName = Debug;
		};
		OBJ_31 /* Build configuration list for PBXNativeTarget "ButlerTests" */ = {
			isa = XCConfigurationList;
			buildConfigurations = (
				OBJ_32 /* Debug */,
				OBJ_33 /* Release */,
			);
			defaultConfigurationIsVisible = 0;
			defaultConfigurationName = Debug;
		};
/* End XCConfigurationList section */
	};
	rootObject = OBJ_1 /* Project object */;
}
